
Microsoft Visual Studio Solution File, Format Version 12.00
# Visual Studio 2013
VisualStudioVersion = 12.0.21005.1
MinimumVisualStudioVersion = 10.0.40219.1
Project("{FAE04EC0-301F-11D3-BF4B-00C04F79EFBC}") = "OOP CSharp  Defining Classes Part I", "OOP CSharp  Defining Classes Part I\OOP CSharp  Defining Classes Part I.csproj", "{C0A8C33C-90A4-4294-B8EF-3FE27BFB1248}"
EndProject
Global
	GlobalSection(SolutionConfigurationPlatforms) = preSolution
		Debug|Any CPU = Debug|Any CPU
		Release|Any CPU = Release|Any CPU
	EndGlobalSection
	GlobalSection(ProjectConfigurationPlatforms) = postSolution
		{C0A8C33C-90A4-4294-B8EF-3FE27BFB1248}.Debug|Any CPU.ActiveCfg = Debug|Any CPU
		{C0A8C33C-90A4-4294-B8EF-3FE27BFB1248}.Debug|Any CPU.Build.0 = Debug|Any CPU
		{C0A8C33C-90A4-4294-B8EF-3FE27BFB1248}.Release|Any CPU.ActiveCfg = Release|Any CPU
		{C0A8C33C-90A4-4294-B8EF-3FE27BFB1248}.Release|Any CPU.Build.0 = Release|Any CPU
	EndGlobalSection
	GlobalSection(SolutionProperties) = preSolution
		HideSolutionNode = FALSE
	EndGlobalSection
EndGlobal
